# THIS IS AN AUTOGENERATED FILE. DO NOT EDIT THIS FILE DIRECTLY.
# yarn lockfile v1


babel-runtime@^6.0.0:
  version "6.26.0"
  resolved "https://registry.yarnpkg.com/babel-runtime/-/babel-runtime-6.26.0.tgz#965c7058668e82b55d7bfe04ff2337bc8b5647fe"
  integrity sha1-llxwWGaOgrVde/4E/yM3vItWR/4=
  dependencies:
    core-js "^2.4.0"
    regenerator-runtime "^0.11.0"

better-scroll@^1.15.2:
  version "1.15.2"
  resolved "https://registry.yarnpkg.com/better-scroll/-/better-scroll-1.15.2.tgz#65ffc6058b8b4ff337b8dfad4bcb334d7699ceb6"
  integrity sha512-sSY2N8I9/B+YX/9JpIz6pMQYnmBuvspBqZG4UxYaQEfz/ZWrnxwdyKLL4t6IKpFmxqtZadVypXw7vSSHxBZpBQ==
  dependencies:
    babel-runtime "^6.0.0"

core-js@^2.4.0:
  version "2.6.5"
  resolved "https://registry.yarnpkg.com/core-js/-/core-js-2.6.5.tgz#44bc8d249e7fb2ff5d00e0341a7ffb94fbf67895"
  integrity sha512-klh/kDpwX8hryYL14M9w/xei6vrv6sE8gTHDG7/T/+SEovB/G4ejwcfE/CBzO6Edsu+OETZMZ3wcX/EjUkrl5A==

regenerator-runtime@^0.11.0:
  version "0.11.1"
  resolved "https://registry.yarnpkg.com/regenerator-runtime/-/regenerator-runtime-0.11.1.tgz#be05ad7f9bf7d22e056f9726cee5017fbf19e2e9"
  integrity sha512-MguG95oij0fC3QV3URf4V2SDYGJhJnJGqvIIgdECeODCT98wSWDAJ94SSuVpYQUoTcGUIL6L4yNB7j1DFFHSBg==
